
Microsoft Visual Studio Solution File, Format Version 12.00
# Visual Studio Version 17
VisualStudioVersion = 17.9.34714.143
MinimumVisualStudioVersion = 10.0.40219.1
Project("{FAE04EC0-301F-11D3-BF4B-00C04F79EFBC}") = "AuctionCar", "AuctionCar\AuctionCar.csproj", "{D20A3DEA-C37E-46C2-8C73-A56BD15ECB22}"
EndProject
Project("{FAE04EC0-301F-11D3-BF4B-00C04F79EFBC}") = "AuctionCar.Models", "AuctionCar.Models\AuctionCar.Models.csproj", "{6DB8CD67-4A62-4487-9ECF-FF0A3439E0CE}"
EndProject
Project("{FAE04EC0-301F-11D3-BF4B-00C04F79EFBC}") = "AuctionCar.Repository", "AuctionCar.Repository\AuctionCar.Repository.csproj", "{DAD75766-56B1-44FF-9008-5312B3AAA3DB}"
EndProject
Global
	GlobalSection(SolutionConfigurationPlatforms) = preSolution
		Debug|Any CPU = Debug|Any CPU
		Release|Any CPU = Release|Any CPU
	EndGlobalSection
	GlobalSection(ProjectConfigurationPlatforms) = postSolution
		{D20A3DEA-C37E-46C2-8C73-A56BD15ECB22}.Debug|Any CPU.ActiveCfg = Debug|Any CPU
		{D20A3DEA-C37E-46C2-8C73-A56BD15ECB22}.Debug|Any CPU.Build.0 = Debug|Any CPU
		{D20A3DEA-C37E-46C2-8C73-A56BD15ECB22}.Release|Any CPU.ActiveCfg = Release|Any CPU
		{D20A3DEA-C37E-46C2-8C73-A56BD15ECB22}.Release|Any CPU.Build.0 = Release|Any CPU
		{6DB8CD67-4A62-4487-9ECF-FF0A3439E0CE}.Debug|Any CPU.ActiveCfg = Debug|Any CPU
		{6DB8CD67-4A62-4487-9ECF-FF0A3439E0CE}.Debug|Any CPU.Build.0 = Debug|Any CPU
		{6DB8CD67-4A62-4487-9ECF-FF0A3439E0CE}.Release|Any CPU.ActiveCfg = Release|Any CPU
		{6DB8CD67-4A62-4487-9ECF-FF0A3439E0CE}.Release|Any CPU.Build.0 = Release|Any CPU
		{DAD75766-56B1-44FF-9008-5312B3AAA3DB}.Debug|Any CPU.ActiveCfg = Debug|Any CPU
		{DAD75766-56B1-44FF-9008-5312B3AAA3DB}.Debug|Any CPU.Build.0 = Debug|Any CPU
		{DAD75766-56B1-44FF-9008-5312B3AAA3DB}.Release|Any CPU.ActiveCfg = Release|Any CPU
		{DAD75766-56B1-44FF-9008-5312B3AAA3DB}.Release|Any CPU.Build.0 = Release|Any CPU
	EndGlobalSection
	GlobalSection(SolutionProperties) = preSolution
		HideSolutionNode = FALSE
	EndGlobalSection
	GlobalSection(ExtensibilityGlobals) = postSolution
		SolutionGuid = {5DCA8310-1EF2-4E0B-8231-3A21D908E8E5}
	EndGlobalSection
EndGlobal
